
Microsoft Visual Studio Solution File, Format Version 12.00
# Visual Studio Version 16
VisualStudioVersion = 16.0.30621.155
MinimumVisualStudioVersion = 10.0.40219.1
Project("{FAE04EC0-301F-11D3-BF4B-00C04F79EFBC}") = "ManualTesting", "ManualTesting\ManualTesting.csproj", "{44645C69-7836-445B-9DEA-39B5E3C12D8F}"
EndProject
Project("{FAE04EC0-301F-11D3-BF4B-00C04F79EFBC}") = "UnitTests", "UnitTests\UnitTests.csproj", "{670B99CE-00C5-474F-9FCB-97ED2C9E323F}"
EndProject
Global
	GlobalSection(SolutionConfigurationPlatforms) = preSolution
		Debug|Any CPU = Debug|Any CPU
		Release|Any CPU = Release|Any CPU
	EndGlobalSection
	GlobalSection(ProjectConfigurationPlatforms) = postSolution
		{44645C69-7836-445B-9DEA-39B5E3C12D8F}.Debug|Any CPU.ActiveCfg = Debug|Any CPU
		{44645C69-7836-445B-9DEA-39B5E3C12D8F}.Debug|Any CPU.Build.0 = Debug|Any CPU
		{44645C69-7836-445B-9DEA-39B5E3C12D8F}.Release|Any CPU.ActiveCfg = Release|Any CPU
		{44645C69-7836-445B-9DEA-39B5E3C12D8F}.Release|Any CPU.Build.0 = Release|Any CPU
		{670B99CE-00C5-474F-9FCB-97ED2C9E323F}.Debug|Any CPU.ActiveCfg = Debug|Any CPU
		{670B99CE-00C5-474F-9FCB-97ED2C9E323F}.Debug|Any CPU.Build.0 = Debug|Any CPU
		{670B99CE-00C5-474F-9FCB-97ED2C9E323F}.Release|Any CPU.ActiveCfg = Release|Any CPU
		{670B99CE-00C5-474F-9FCB-97ED2C9E323F}.Release|Any CPU.Build.0 = Release|Any CPU
	EndGlobalSection
	GlobalSection(SolutionProperties) = preSolution
		HideSolutionNode = FALSE
	EndGlobalSection
	GlobalSection(ExtensibilityGlobals) = postSolution
		SolutionGuid = {6BE2526F-5332-4CA2-A27C-C77CBEBC22B2}
	EndGlobalSection
EndGlobal
